// !$*UTF8*$!
{
	archiveVersion = 1;
	classes = {
	};
	objectVersion = 46;
	objects = {

/* Begin PBXBuildFile section */
		4140DE551F19D21500692B86 /* AppDelegate.swift in Sources */ = {isa = PBXBuildFile; fileRef = 4140DE541F19D21500692B86 /* AppDelegate.swift */; };
		4140DE5A1F19D21500692B86 /* Main.storyboard in Resources */ = {isa = PBXBuildFile; fileRef = 4140DE581F19D21500692B86 /* Main.storyboard */; };
		4140DE5C1F19D21500692B86 /* Assets.xcassets in Resources */ = {isa = PBXBuildFile; fileRef = 4140DE5B1F19D21500692B86 /* Assets.xcassets */; };
		4140DE5F1F19D21500692B86 /* LaunchScreen.storyboard in Resources */ = {isa = PBXBuildFile; fileRef = 4140DE5D1F19D21500692B86 /* LaunchScreen.storyboard */; };
		4140DE6A1F19D21500692B86 /* zTwitSplitTests.swift in Sources */ = {isa = PBXBuildFile; fileRef = 4140DE691F19D21500692B86 /* zTwitSplitTests.swift */; };
		4140DE751F19D21500692B86 /* zTwitSplitUITests.swift in Sources */ = {isa = PBXBuildFile; fileRef = 4140DE741F19D21500692B86 /* zTwitSplitUITests.swift */; };
		4140DE881F19D30600692B86 /* Constants.swift in Sources */ = {isa = PBXBuildFile; fileRef = 4140DE871F19D30600692B86 /* Constants.swift */; };
		4140DE8D1F19D43500692B86 /* Localizable.strings in Resources */ = {isa = PBXBuildFile; fileRef = 4140DE8F1F19D43500692B86 /* Localizable.strings */; };
		4140DE921F19D5C700692B86 /* Message.swift in Sources */ = {isa = PBXBuildFile; fileRef = 4140DE911F19D5C700692B86 /* Message.swift */; };
		4140DE941F19E32900692B86 /* LoginVc.swift in Sources */ = {isa = PBXBuildFile; fileRef = 4140DE931F19E32900692B86 /* LoginVc.swift */; };
		4140DE961F19E35000692B86 /* ChatVc.swift in Sources */ = {isa = PBXBuildFile; fileRef = 4140DE951F19E35000692B86 /* ChatVc.swift */; };
		4140DE981F19EDB900692B86 /* DeviceIdentifier.swift in Sources */ = {isa = PBXBuildFile; fileRef = 4140DE971F19EDB900692B86 /* DeviceIdentifier.swift */; };
/* End PBXBuildFile section */

/* Begin PBXContainerItemProxy section */
		4140DE661F19D21500692B86 /* PBXContainerItemProxy */ = {
			isa = PBXContainerItemProxy;
			containerPortal = 4140DE491F19D21500692B86 /* Project object */;
			proxyType = 1;
			remoteGlobalIDString = 4140DE501F19D21500692B86;
			remoteInfo = zTwitSplit;
		};
		4140DE711F19D21500692B86 /* PBXContainerItemProxy */ = {
			isa = PBXContainerItemProxy;
			containerPortal = 4140DE491F19D21500692B86 /* Project object */;
			proxyType = 1;
			remoteGlobalIDString = 4140DE501F19D21500692B86;
			remoteInfo = zTwitSplit;
		};
/* End PBXContainerItemProxy section */

/* Begin PBXFileReference section */
		4140DE511F19D21500692B86 /* zTwitSplit.app */ = {isa = PBXFileReference; explicitFileType = wrapper.application; includeInIndex = 0; path = zTwitSplit.app; sourceTree = BUILT_PRODUCTS_DIR; };
		4140DE541F19D21500692B86 /* AppDelegate.swift */ = {isa = PBXFileReference; lastKnownFileType = sourcecode.swift; path = AppDelegate.swift; sourceTree = "<group>"; };
		4140DE591F19D21500692B86 /* Base */ = {isa = PBXFileReference; lastKnownFileType = file.storyboard; name = Base; path = Base.lproj/Main.storyboard; sourceTree = "<group>"; };
		4140DE5B1F19D21500692B86 /* Assets.xcassets */ = {isa = PBXFileReference; lastKnownFileType = folder.assetcatalog; path = Assets.xcassets; sourceTree = "<group>"; };
		4140DE5E1F19D21500692B86 /* Base */ = {isa = PBXFileReference; lastKnownFileType = file.storyboard; name = Base; path = Base.lproj/LaunchScreen.storyboard; sourceTree = "<group>"; };
		4140DE601F19D21500692B86 /* Info.plist */ = {isa = PBXFileReference; lastKnownFileType = text.plist.xml; path = Info.plist; sourceTree = "<group>"; };
		4140DE651F19D21500692B86 /* zTwitSplitTests.xctest */ = {isa = PBXFileReference; explicitFileType = wrapper.cfbundle; includeInIndex = 0; path = zTwitSplitTests.xctest; sourceTree = BUILT_PRODUCTS_DIR; };
		4140DE691F19D21500692B86 /* zTwitSplitTests.swift */ = {isa = PBXFileReference; lastKnownFileType = sourcecode.swift; path = zTwitSplitTests.swift; sourceTree = "<group>"; };
		4140DE6B1F19D21500692B86 /* Info.plist */ = {isa = PBXFileReference; lastKnownFileType = text.plist.xml; path = Info.plist; sourceTree = "<group>"; };
		4140DE701F19D21500692B86 /* zTwitSplitUITests.xctest */ = {isa = PBXFileReference; explicitFileType = wrapper.cfbundle; includeInIndex = 0; path = zTwitSplitUITests.xctest; sourceTree = BUILT_PRODUCTS_DIR; };
		4140DE741F19D21500692B86 /* zTwitSplitUITests.swift */ = {isa = PBXFileReference; lastKnownFileType = sourcecode.swift; path = zTwitSplitUITests.swift; sourceTree = "<group>"; };
		4140DE761F19D21500692B86 /* Info.plist */ = {isa = PBXFileReference; lastKnownFileType = text.plist.xml; path = Info.plist; sourceTree = "<group>"; };
		4140DE871F19D30600692B86 /* Constants.swift */ = {isa = PBXFileReference; fileEncoding = 4; lastKnownFileType = sourcecode.swift; path = Constants.swift; sourceTree = "<group>"; };
		4140DE891F19D3D200692B86 /* vi */ = {isa = PBXFileReference; lastKnownFileType = text.plist.strings; name = vi; path = vi.lproj/Main.strings; sourceTree = "<group>"; };
		4140DE8A1F19D3D200692B86 /* vi */ = {isa = PBXFileReference; lastKnownFileType = text.plist.strings; name = vi; path = vi.lproj/LaunchScreen.strings; sourceTree = "<group>"; };
		4140DE8E1F19D43500692B86 /* en */ = {isa = PBXFileReference; lastKnownFileType = text.plist.strings; name = en; path = en.lproj/Localizable.strings; sourceTree = "<group>"; };
		4140DE901F19D43800692B86 /* vi */ = {isa = PBXFileReference; lastKnownFileType = text.plist.strings; name = vi; path = vi.lproj/Localizable.strings; sourceTree = "<group>"; };
		4140DE911F19D5C700692B86 /* Message.swift */ = {isa = PBXFileReference; fileEncoding = 4; lastKnownFileType = sourcecode.swift; path = Message.swift; sourceTree = "<group>"; };
		4140DE931F19E32900692B86 /* LoginVc.swift */ = {isa = PBXFileReference; fileEncoding = 4; lastKnownFileType = sourcecode.swift; path = LoginVc.swift; sourceTree = "<group>"; };
		4140DE951F19E35000692B86 /* ChatVc.swift */ = {isa = PBXFileReference; fileEncoding = 4; lastKnownFileType = sourcecode.swift; path = ChatVc.swift; sourceTree = "<group>"; };
		4140DE971F19EDB900692B86 /* DeviceIdentifier.swift */ = {isa = PBXFileReference; fileEncoding = 4; lastKnownFileType = sourcecode.swift; path = DeviceIdentifier.swift; sourceTree = "<group>"; };
/* End PBXFileReference section */

/* Begin PBXFrameworksBuildPhase section */
		4140DE4E1F19D21500692B86 /* Frameworks */ = {
			isa = PBXFrameworksBuildPhase;
			buildActionMask = 2147483647;
			files = (
			);
			runOnlyForDeploymentPostprocessing = 0;
		};
		4140DE621F19D21500692B86 /* Frameworks */ = {
			isa = PBXFrameworksBuildPhase;
			buildActionMask = 2147483647;
			files = (
			);
			runOnlyForDeploymentPostprocessing = 0;
		};
		4140DE6D1F19D21500692B86 /* Frameworks */ = {
			isa = PBXFrameworksBuildPhase;
			buildActionMask = 2147483647;
			files = (
			);
			runOnlyForDeploymentPostprocessing = 0;
		};
/* End PBXFrameworksBuildPhase section */

/* Begin PBXGroup section */
		4140DE481F19D21500692B86 = {
			isa = PBXGroup;
			children = (
				4140DE531F19D21500692B86 /* zTwitSplit */,
				4140DE681F19D21500692B86 /* zTwitSplitTests */,
				4140DE731F19D21500692B86 /* zTwitSplitUITests */,
				4140DE521F19D21500692B86 /* Products */,
			);
			sourceTree = "<group>";
		};
		4140DE521F19D21500692B86 /* Products */ = {
			isa = PBXGroup;
			children = (
				4140DE511F19D21500692B86 /* zTwitSplit.app */,
				4140DE651F19D21500692B86 /* zTwitSplitTests.xctest */,
				4140DE701F19D21500692B86 /* zTwitSplitUITests.xctest */,
			);
			name = Products;
			sourceTree = "<group>";
		};
		4140DE531F19D21500692B86 /* zTwitSplit */ = {
			isa = PBXGroup;
			children = (
				4140DE861F19D2DA00692B86 /* Models */,
				4140DE851F19D2D400692B86 /* Views */,
				4140DE841F19D2CE00692B86 /* Controllers */,
				4140DE831F19D2C400692B86 /* Stores */,
				4140DE821F19D28400692B86 /* Helpers */,
				4140DE541F19D21500692B86 /* AppDelegate.swift */,
				4140DE5B1F19D21500692B86 /* Assets.xcassets */,
				4140DE5D1F19D21500692B86 /* LaunchScreen.storyboard */,
				4140DE601F19D21500692B86 /* Info.plist */,
				4140DE8F1F19D43500692B86 /* Localizable.strings */,
			);
			path = zTwitSplit;
			sourceTree = "<group>";
		};
		4140DE681F19D21500692B86 /* zTwitSplitTests */ = {
			isa = PBXGroup;
			children = (
				4140DE691F19D21500692B86 /* zTwitSplitTests.swift */,
				4140DE6B1F19D21500692B86 /* Info.plist */,
			);
			path = zTwitSplitTests;
			sourceTree = "<group>";
		};
		4140DE731F19D21500692B86 /* zTwitSplitUITests */ = {
			isa = PBXGroup;
			children = (
				4140DE741F19D21500692B86 /* zTwitSplitUITests.swift */,
				4140DE761F19D21500692B86 /* Info.plist */,
			);
			path = zTwitSplitUITests;
			sourceTree = "<group>";
		};
		4140DE821F19D28400692B86 /* Helpers */ = {
			isa = PBXGroup;
			children = (
				4140DE871F19D30600692B86 /* Constants.swift */,
				4140DE971F19EDB900692B86 /* DeviceIdentifier.swift */,
			);
			name = Helpers;
			sourceTree = "<group>";
		};
		4140DE831F19D2C400692B86 /* Stores */ = {
			isa = PBXGroup;
			children = (
			);
			name = Stores;
			sourceTree = "<group>";
		};
		4140DE841F19D2CE00692B86 /* Controllers */ = {
			isa = PBXGroup;
			children = (
				4140DE931F19E32900692B86 /* LoginVc.swift */,
				4140DE951F19E35000692B86 /* ChatVc.swift */,
			);
			name = Controllers;
			sourceTree = "<group>";
		};
		4140DE851F19D2D400692B86 /* Views */ = {
			isa = PBXGroup;
			children = (
				4140DE581F19D21500692B86 /* Main.storyboard */,
			);
			name = Views;
			sourceTree = "<group>";
		};
		4140DE861F19D2DA00692B86 /* Models */ = {
			isa = PBXGroup;
			children = (
				4140DE911F19D5C700692B86 /* Message.swift */,
			);
			name = Models;
			sourceTree = "<group>";
		};
/* End PBXGroup section */

/* Begin PBXNativeTarget section */
		4140DE501F19D21500692B86 /* zTwitSplit */ = {
			isa = PBXNativeTarget;
			buildConfigurationList = 4140DE791F19D21500692B86 /* Build configuration list for PBXNativeTarget "zTwitSplit" */;
			buildPhases = (
				4140DE4D1F19D21500692B86 /* Sources */,
				4140DE4E1F19D21500692B86 /* Frameworks */,
				4140DE4F1F19D21500692B86 /* Resources */,
			);
			buildRules = (
			);
			dependencies = (
			);
			name = zTwitSplit;
			productName = zTwitSplit;
			productReference = 4140DE511F19D21500692B86 /* zTwitSplit.app */;
			productType = "com.apple.product-type.application";
		};
		4140DE641F19D21500692B86 /* zTwitSplitTests */ = {
			isa = PBXNativeTarget;
			buildConfigurationList = 4140DE7C1F19D21500692B86 /* Build configuration list for PBXNativeTarget "zTwitSplitTests" */;
			buildPhases = (
				4140DE611F19D21500692B86 /* Sources */,
				4140DE621F19D21500692B86 /* Frameworks */,
				4140DE631F19D21500692B86 /* Resources */,
			);
			buildRules = (
			);
			dependencies = (
				4140DE671F19D21500692B86 /* PBXTargetDependency */,
			);
			name = zTwitSplitTests;
			productName = zTwitSplitTests;
			productReference = 4140DE651F19D21500692B86 /* zTwitSplitTests.xctest */;
			productType = "com.apple.product-type.bundle.unit-test";
		};
		4140DE6F1F19D21500692B86 /* zTwitSplitUITests */ = {
			isa = PBXNativeTarget;
			buildConfigurationList = 4140DE7F1F19D21500692B86 /* Build configuration list for PBXNativeTarget "zTwitSplitUITests" */;
			buildPhases = (
				4140DE6C1F19D21500692B86 /* Sources */,
				4140DE6D1F19D21500692B86 /* Frameworks */,
				4140DE6E1F19D21500692B86 /* Resources */,
			);
			buildRules = (
			);
			dependencies = (
				4140DE721F19D21500692B86 /* PBXTargetDependency */,
			);
			name = zTwitSplitUITests;
			productName = zTwitSplitUITests;
			productReference = 4140DE701F19D21500692B86 /* zTwitSplitUITests.xctest */;
			productType = "com.apple.product-type.bundle.ui-testing";
		};
/* End PBXNativeTarget section */

/* Begin PBXProject section */
		4140DE491F19D21500692B86 /* Project object */ = {
			isa = PBXProject;
			attributes = {
				LastSwiftUpdateCheck = 0830;
				LastUpgradeCheck = 0830;
				ORGANIZATIONNAME = dkan10;
				TargetAttributes = {
					4140DE501F19D21500692B86 = {
						CreatedOnToolsVersion = 8.3.3;
						DevelopmentTeam = N24W3X2726;
						ProvisioningStyle = Automatic;
					};
					4140DE641F19D21500692B86 = {
						CreatedOnToolsVersion = 8.3.3;
						DevelopmentTeam = N24W3X2726;
						ProvisioningStyle = Automatic;
						TestTargetID = 4140DE501F19D21500692B86;
					};
					4140DE6F1F19D21500692B86 = {
						CreatedOnToolsVersion = 8.3.3;
						DevelopmentTeam = N24W3X2726;
						ProvisioningStyle = Automatic;
						TestTargetID = 4140DE501F19D21500692B86;
					};
				};
			};
			buildConfigurationList = 4140DE4C1F19D21500692B86 /* Build configuration list for PBXProject "zTwitSplit" */;
			compatibilityVersion = "Xcode 3.2";
			developmentRegion = English;
			hasScannedForEncodings = 0;
			knownRegions = (
				en,
				Base,
				vi,
			);
			mainGroup = 4140DE481F19D21500692B86;
			productRefGroup = 4140DE521F19D21500692B86 /* Products */;
			projectDirPath = "";
			projectRoot = "";
			targets = (
				4140DE501F19D21500692B86 /* zTwitSplit */,
				4140DE641F19D21500692B86 /* zTwitSplitTests */,
				4140DE6F1F19D21500692B86 /* zTwitSplitUITests */,
			);
		};
/* End PBXProject section */

/* Begin PBXResourcesBuildPhase section */
		4140DE4F1F19D21500692B86 /* Resources */ = {
			isa = PBXResourcesBuildPhase;
			buildActionMask = 2147483647;
			files = (
				4140DE5F1F19D21500692B86 /* LaunchScreen.storyboard in Resources */,
				4140DE8D1F19D43500692B86 /* Localizable.strings in Resources */,
				4140DE5C1F19D21500692B86 /* Assets.xcassets in Resources */,
				4140DE5A1F19D21500692B86 /* Main.storyboard in Resources */,
			);
			runOnlyForDeploymentPostprocessing = 0;
		};
		4140DE631F19D21500692B86 /* Resources */ = {
			isa = PBXResourcesBuildPhase;
			buildActionMask = 2147483647;
			files = (
			);
			runOnlyForDeploymentPostprocessing = 0;
		};
		4140DE6E1F19D21500692B86 /* Resources */ = {
			isa = PBXResourcesBuildPhase;
			buildActionMask = 2147483647;
			files = (
			);
			runOnlyForDeploymentPostprocessing = 0;
		};
/* End PBXResourcesBuildPhase section */

/* Begin PBXSourcesBuildPhase section */
		4140DE4D1F19D21500692B86 /* Sources */ = {
			isa = PBXSourcesBuildPhase;
			buildActionMask = 2147483647;
			files = (
				4140DE981F19EDB900692B86 /* DeviceIdentifier.swift in Sources */,
				4140DE921F19D5C700692B86 /* Message.swift in Sources */,
				4140DE551F19D21500692B86 /* AppDelegate.swift in Sources */,
				4140DE941F19E32900692B86 /* LoginVc.swift in Sources */,
				4140DE881F19D30600692B86 /* Constants.swift in Sources */,
				4140DE961F19E35000692B86 /* ChatVc.swift in Sources */,
			);
			runOnlyForDeploymentPostprocessing = 0;
		};
		4140DE611F19D21500692B86 /* Sources */ = {
			isa = PBXSourcesBuildPhase;
			buildActionMask = 2147483647;
			files = (
				4140DE6A1F19D21500692B86 /* zTwitSplitTests.swift in Sources */,
			);
			runOnlyForDeploymentPostprocessing = 0;
		};
		4140DE6C1F19D21500692B86 /* Sources */ = {
			isa = PBXSourcesBuildPhase;
			buildActionMask = 2147483647;
			files = (
				4140DE751F19D21500692B86 /* zTwitSplitUITests.swift in Sources */,
			);
			runOnlyForDeploymentPostprocessing = 0;
		};
/* End PBXSourcesBuildPhase section */

/* Begin PBXTargetDependency section */
		4140DE671F19D21500692B86 /* PBXTargetDependency */ = {
			isa = PBXTargetDependency;
			target = 4140DE501F19D21500692B86 /* zTwitSplit */;
			targetProxy = 4140DE661F19D21500692B86 /* PBXContainerItemProxy */;
		};
		4140DE721F19D21500692B86 /* PBXTargetDependency */ = {
			isa = PBXTargetDependency;
			target = 4140DE501F19D21500692B86 /* zTwitSplit */;
			targetProxy = 4140DE711F19D21500692B86 /* PBXContainerItemProxy */;
		};
/* End PBXTargetDependency section */

/* Begin PBXVariantGroup section */
		4140DE581F19D21500692B86 /* Main.storyboard */ = {
			isa = PBXVariantGroup;
			children = (
				4140DE591F19D21500692B86 /* Base */,
				4140DE891F19D3D200692B86 /* vi */,
			);
			name = Main.storyboard;
			sourceTree = "<group>";
		};
		4140DE5D1F19D21500692B86 /* LaunchScreen.storyboard */ = {
			isa = PBXVariantGroup;
			children = (
				4140DE5E1F19D21500692B86 /* Base */,
				4140DE8A1F19D3D200692B86 /* vi */,
			);
			name = LaunchScreen.storyboard;
			sourceTree = "<group>";
		};
		4140DE8F1F19D43500692B86 /* Localizable.strings */ = {
			isa = PBXVariantGroup;
			children = (
				4140DE8E1F19D43500692B86 /* en */,
				4140DE901F19D43800692B86 /* vi */,
			);
			name = Localizable.strings;
			path = ..;
			sourceTree = "<group>";
		};
/* End PBXVariantGroup section */

/* Begin XCBuildConfiguration section */
		4140DE771F19D21500692B86 /* Debug */ = {
			isa = XCBuildConfiguration;
			buildSettings = {
				ALWAYS_SEARCH_USER_PATHS = NO;
				CLANG_ANALYZER_LOCALIZABILITY_NONLOCALIZED = YES;
				CLANG_ANALYZER_NONNULL = YES;
				CLANG_ANALYZER_NUMBER_OBJECT_CONVERSION = YES_AGGRESSIVE;
				CLANG_CXX_LANGUAGE_STANDARD = "gnu++0x";
				CLANG_CXX_LIBRARY = "libc++";
				CLANG_ENABLE_MODULES = YES;
				CLANG_ENABLE_OBJC_ARC = YES;
				CLANG_WARN_BOOL_CONVERSION = YES;
				CLANG_WARN_CONSTANT_CONVERSION = YES;
				CLANG_WARN_DIRECT_OBJC_ISA_USAGE = YES_ERROR;
				CLANG_WARN_DOCUMENTATION_COMMENTS = YES;
				CLANG_WARN_EMPTY_BODY = YES;
				CLANG_WARN_ENUM_CONVERSION = YES;
				CLANG_WARN_INFINITE_RECURSION = YES;
				CLANG_WARN_INT_CONVERSION = YES;
				CLANG_WARN_OBJC_ROOT_CLASS = YES_ERROR;
				CLANG_WARN_SUSPICIOUS_MOVE = YES;
				CLANG_WARN_UNREACHABLE_CODE = YES;
				CLANG_WARN__DUPLICATE_METHOD_MATCH = YES;
				"CODE_SIGN_IDENTITY[sdk=iphoneos*]" = "iPhone Developer";
				COPY_PHASE_STRIP = NO;
				DEBUG_INFORMATION_FORMAT = dwarf;
				ENABLE_STRICT_OBJC_MSGSEND = YES;
				ENABLE_TESTABILITY = YES;
				GCC_C_LANGUAGE_STANDARD = gnu99;
				GCC_DYNAMIC_NO_PIC = NO;
				GCC_NO_COMMON_BLOCKS = YES;
				GCC_OPTIMIZATION_LEVEL = 0;
				GCC_PREPROCESSOR_DEFINITIONS = (
					"DEBUG=1",
					"$(inherited)",
				);
				GCC_WARN_64_TO_32_BIT_CONVERSION = YES;
				GCC_WARN_ABOUT_RETURN_TYPE = YES_ERROR;
				GCC_WARN_UNDECLARED_SELECTOR = YES;
				GCC_WARN_UNINITIALIZED_AUTOS = YES_AGGRESSIVE;
				GCC_WARN_UNUSED_FUNCTION = YES;
				GCC_WARN_UNUSED_VARIABLE = YES;
				IPHONEOS_DEPLOYMENT_TARGET = 10.3;
				MTL_ENABLE_DEBUG_INFO = YES;
				ONLY_ACTIVE_ARCH = YES;
				SDKROOT = iphoneos;
				SWIFT_ACTIVE_COMPILATION_CONDITIONS = DEBUG;
				SWIFT_OPTIMIZATION_LEVEL = "-Onone";
				TARGETED_DEVICE_FAMILY = "1,2";
			};
			name = Debug;
		};
		4140DE781F19D21500692B86 /* Release */ = {
			isa = XCBuildConfiguration;
			buildSettings = {
				ALWAYS_SEARCH_USER_PATHS = NO;
				CLANG_ANALYZER_LOCALIZABILITY_NONLOCALIZED = YES;
				CLANG_ANALYZER_NONNULL = YES;
				CLANG_ANALYZER_NUMBER_OBJECT_CONVERSION = YES_AGGRESSIVE;
				CLANG_CXX_LANGUAGE_STANDARD = "gnu++0x";
				CLANG_CXX_LIBRARY = "libc++";
				CLANG_ENABLE_MODULES = YES;
				CLANG_ENABLE_OBJC_ARC = YES;
				CLANG_WARN_BOOL_CONVERSION = YES;
				CLANG_WARN_CONSTANT_CONVERSION = YES;
				CLANG_WARN_DIRECT_OBJC_ISA_USAGE = YES_ERROR;
				CLANG_WARN_DOCUMENTATION_COMMENTS = YES;
				CLANG_WARN_EMPTY_BODY = YES;
				CLANG_WARN_ENUM_CONVERSION = YES;
				CLANG_WARN_INFINITE_RECURSION = YES;
				CLANG_WARN_INT_CONVERSION = YES;
				CLANG_WARN_OBJC_ROOT_CLASS = YES_ERROR;
				CLANG_WARN_SUSPICIOUS_MOVE = YES;
				CLANG_WARN_UNREACHABLE_CODE = YES;
				CLANG_WARN__DUPLICATE_METHOD_MATCH = YES;
				"CODE_SIGN_IDENTITY[sdk=iphoneos*]" = "iPhone Developer";
				COPY_PHASE_STRIP = NO;
				DEBUG_INFORMATION_FORMAT = "dwarf-with-dsym";
				ENABLE_NS_ASSERTIONS = NO;
				ENABLE_STRICT_OBJC_MSGSEND = YES;
				GCC_C_LANGUAGE_STANDARD = gnu99;
				GCC_NO_COMMON_BLOCKS = YES;
				GCC_WARN_64_TO_32_BIT_CONVERSION = YES;
				GCC_WARN_ABOUT_RETURN_TYPE = YES_ERROR;
				GCC_WARN_UNDECLARED_SELECTOR = YES;
				GCC_WARN_UNINITIALIZED_AUTOS = YES_AGGRESSIVE;
				GCC_WARN_UNUSED_FUNCTION = YES;
				GCC_WARN_UNUSED_VARIABLE = YES;
				IPHONEOS_DEPLOYMENT_TARGET = 10.3;
				MTL_ENABLE_DEBUG_INFO = NO;
				SDKROOT = iphoneos;
				SWIFT_OPTIMIZATION_LEVEL = "-Owholemodule";
				TARGETED_DEVICE_FAMILY = "1,2";
				VALIDATE_PRODUCT = YES;
			};
			name = Release;
		};
		4140DE7A1F19D21500692B86 /* Debug */ = {
			isa = XCBuildConfiguration;
			buildSettings = {
				ASSETCATALOG_COMPILER_APPICON_NAME = AppIcon;
				DEVELOPMENT_TEAM = N24W3X2726;
				INFOPLIST_FILE = zTwitSplit/Info.plist;
				IPHONEOS_DEPLOYMENT_TARGET = 10.0;
				LD_RUNPATH_SEARCH_PATHS = "$(inherited) @executable_path/Frameworks";
				PRODUCT_BUNDLE_IDENTIFIER = purple.d.zTwitSplit;
				PRODUCT_NAME = "$(TARGET_NAME)";
				SWIFT_VERSION = 3.0;
			};
			name = Debug;
		};
		4140DE7B1F19D21500692B86 /* Release */ = {
			isa = XCBuildConfiguration;
			buildSettings = {
				ASSETCATALOG_COMPILER_APPICON_NAME = AppIcon;
				DEVELOPMENT_TEAM = N24W3X2726;
				INFOPLIST_FILE = zTwitSplit/Info.plist;
				IPHONEOS_DEPLOYMENT_TARGET = 10.0;
				LD_RUNPATH_SEARCH_PATHS = "$(inherited) @executable_path/Frameworks";
				PRODUCT_BUNDLE_IDENTIFIER = purple.d.zTwitSplit;
				PRODUCT_NAME = "$(TARGET_NAME)";
				SWIFT_VERSION = 3.0;
			};
			name = Release;
		};
		4140DE7D1F19D21500692B86 /* Debug */ = {
			isa = XCBuildConfiguration;
			buildSettings = {
				ALWAYS_EMBED_SWIFT_STANDARD_LIBRARIES = YES;
				BUNDLE_LOADER = "$(TEST_HOST)";
				DEVELOPMENT_TEAM = N24W3X2726;
				INFOPLIST_FILE = zTwitSplitTests/Info.plist;
				LD_RUNPATH_SEARCH_PATHS = "$(inherited) @executable_path/Frameworks @loader_path/Frameworks";
				PRODUCT_BUNDLE_IDENTIFIER = purple.d.zTwitSplitTests;
				PRODUCT_NAME = "$(TARGET_NAME)";
				SWIFT_VERSION = 3.0;
				TEST_HOST = "$(BUILT_PRODUCTS_DIR)/zTwitSplit.app/zTwitSplit";
			};
			name = Debug;
		};
		4140DE7E1F19D21500692B86 /* Release */ = {
			isa = XCBuildConfiguration;
			buildSettings = {
				ALWAYS_EMBED_SWIFT_STANDARD_LIBRARIES = YES;
				BUNDLE_LOADER = "$(TEST_HOST)";
				DEVELOPMENT_TEAM = N24W3X2726;
				INFOPLIST_FILE = zTwitSplitTests/Info.plist;
				LD_RUNPATH_SEARCH_PATHS = "$(inherited) @executable_path/Frameworks @loader_path/Frameworks";
				PRODUCT_BUNDLE_IDENTIFIER = purple.d.zTwitSplitTests;
				PRODUCT_NAME = "$(TARGET_NAME)";
				SWIFT_VERSION = 3.0;
				TEST_HOST = "$(BUILT_PRODUCTS_DIR)/zTwitSplit.app/zTwitSplit";
			};
			name = Release;
		};
		4140DE801F19D21500692B86 /* Debug */ = {
			isa = XCBuildConfiguration;
			buildSettings = {
				ALWAYS_EMBED_SWIFT_STANDARD_LIBRARIES = YES;
				DEVELOPMENT_TEAM = N24W3X2726;
				INFOPLIST_FILE = zTwitSplitUITests/Info.plist;
				LD_RUNPATH_SEARCH_PATHS = "$(inherited) @executable_path/Frameworks @loader_path/Frameworks";
				PRODUCT_BUNDLE_IDENTIFIER = purple.d.zTwitSplitUITests;
				PRODUCT_NAME = "$(TARGET_NAME)";
				SWIFT_VERSION = 3.0;
				TEST_TARGET_NAME = zTwitSplit;
			};
			name = Debug;
		};
		4140DE811F19D21500692B86 /* Release */ = {
			isa = XCBuildConfiguration;
			buildSettings = {
				ALWAYS_EMBED_SWIFT_STANDARD_LIBRARIES = YES;
				DEVELOPMENT_TEAM = N24W3X2726;
				INFOPLIST_FILE = zTwitSplitUITests/Info.plist;
				LD_RUNPATH_SEARCH_PATHS = "$(inherited) @executable_path/Frameworks @loader_path/Frameworks";
				PRODUCT_BUNDLE_IDENTIFIER = purple.d.zTwitSplitUITests;
				PRODUCT_NAME = "$(TARGET_NAME)";
				SWIFT_VERSION = 3.0;
				TEST_TARGET_NAME = zTwitSplit;
			};
			name = Release;
		};
/* End XCBuildConfiguration section */

/* Begin XCConfigurationList section */
		4140DE4C1F19D21500692B86 /* Build configuration list for PBXProject "zTwitSplit" */ = {
			isa = XCConfigurationList;
			buildConfigurations = (
				4140DE771F19D21500692B86 /* Debug */,
				4140DE781F19D21500692B86 /* Release */,
			);
			defaultConfigurationIsVisible = 0;
			defaultConfigurationName = Release;
		};
		4140DE791F19D21500692B86 /* Build configuration list for PBXNativeTarget "zTwitSplit" */ = {
			isa = XCConfigurationList;
			buildConfigurations = (
				4140DE7A1F19D21500692B86 /* Debug */,
				4140DE7B1F19D21500692B86 /* Release */,
			);
			defaultConfigurationIsVisible = 0;
			defaultConfigurationName = Release;
		};
		4140DE7C1F19D21500692B86 /* Build configuration list for PBXNativeTarget "zTwitSplitTests" */ = {
			isa = XCConfigurationList;
			buildConfigurations = (
				4140DE7D1F19D21500692B86 /* Debug */,
				4140DE7E1F19D21500692B86 /* Release */,
			);
			defaultConfigurationIsVisible = 0;
			defaultConfigurationName = Release;
		};
		4140DE7F1F19D21500692B86 /* Build configuration list for PBXNativeTarget "zTwitSplitUITests" */ = {
			isa = XCConfigurationList;
			buildConfigurations = (
				4140DE801F19D21500692B86 /* Debug */,
				4140DE811F19D21500692B86 /* Release */,
			);
			defaultConfigurationIsVisible = 0;
			defaultConfigurationName = Release;
		};
/* End XCConfigurationList section */
	};
	rootObject = 4140DE491F19D21500692B86 /* Project object */;
}
